
Microsoft Visual Studio Solution File, Format Version 12.00
# Visual Studio Version 16
VisualStudioVersion = 16.0.31019.35
MinimumVisualStudioVersion = 10.0.40219.1
Project("{FAE04EC0-301F-11D3-BF4B-00C04F79EFBC}") = "SpecFlowProject1", "SpecFlowProject1\SpecFlowProject1.csproj", "{727AB586-E4DC-474C-B4BE-56EA3ADE4EC3}"
EndProject
Global
	GlobalSection(SolutionConfigurationPlatforms) = preSolution
		Debug|Any CPU = Debug|Any CPU
		Release|Any CPU = Release|Any CPU
	EndGlobalSection
	GlobalSection(ProjectConfigurationPlatforms) = postSolution
		{727AB586-E4DC-474C-B4BE-56EA3ADE4EC3}.Debug|Any CPU.ActiveCfg = Debug|Any CPU
		{727AB586-E4DC-474C-B4BE-56EA3ADE4EC3}.Debug|Any CPU.Build.0 = Debug|Any CPU
		{727AB586-E4DC-474C-B4BE-56EA3ADE4EC3}.Release|Any CPU.ActiveCfg = Release|Any CPU
		{727AB586-E4DC-474C-B4BE-56EA3ADE4EC3}.Release|Any CPU.Build.0 = Release|Any CPU
	EndGlobalSection
	GlobalSection(SolutionProperties) = preSolution
		HideSolutionNode = FALSE
	EndGlobalSection
	GlobalSection(ExtensibilityGlobals) = postSolution
		SolutionGuid = {C0AACFAD-C8A2-4168-88DD-5744AC4B5541}
	EndGlobalSection
EndGlobal
